
Microsoft Visual Studio Solution File, Format Version 12.00
# Visual Studio Version 17
VisualStudioVersion = 17.7.34024.191
MinimumVisualStudioVersion = 10.0.40219.1
Project("{FAE04EC0-301F-11D3-BF4B-00C04F79EFBC}") = "DXFSelectEntities", "DXFSelectEntities.csproj", "{A793A58F-ADD9-4E71-8BBC-BC3D5FD76E28}"
EndProject
Global
	GlobalSection(SolutionConfigurationPlatforms) = preSolution
		Debug|Any CPU = Debug|Any CPU
		Release|Any CPU = Release|Any CPU
	EndGlobalSection
	GlobalSection(ProjectConfigurationPlatforms) = postSolution
		{A793A58F-ADD9-4E71-8BBC-BC3D5FD76E28}.Debug|Any CPU.ActiveCfg = Debug|Any CPU
		{A793A58F-ADD9-4E71-8BBC-BC3D5FD76E28}.Debug|Any CPU.Build.0 = Debug|Any CPU
		{A793A58F-ADD9-4E71-8BBC-BC3D5FD76E28}.Release|Any CPU.ActiveCfg = Release|Any CPU
		{A793A58F-ADD9-4E71-8BBC-BC3D5FD76E28}.Release|Any CPU.Build.0 = Release|Any CPU
	EndGlobalSection
	GlobalSection(SolutionProperties) = preSolution
		HideSolutionNode = FALSE
	EndGlobalSection
	GlobalSection(ExtensibilityGlobals) = postSolution
		SolutionGuid = {F520F459-6858-498B-A347-22C5296619EF}
	EndGlobalSection
EndGlobal
